// !$*UTF8*$!
{
	archiveVersion = 1;
	classes = {
	};
	objectVersion = 50;
	objects = {

/* Begin PBXBuildFile section */
		60548472247E4D0A008F8EE5 /* AppDelegate.m in Sources */ = {isa = PBXBuildFile; fileRef = 60548471247E4D0A008F8EE5 /* AppDelegate.m */; };
		60548475247E4D0A008F8EE5 /* SceneDelegate.m in Sources */ = {isa = PBXBuildFile; fileRef = 60548474247E4D0A008F8EE5 /* SceneDelegate.m */; };
		60548478247E4D0A008F8EE5 /* ViewController.m in Sources */ = {isa = PBXBuildFile; fileRef = 60548477247E4D0A008F8EE5 /* ViewController.m */; };
		6054847B247E4D0A008F8EE5 /* Main.storyboard in Resources */ = {isa = PBXBuildFile; fileRef = 60548479247E4D0A008F8EE5 /* Main.storyboard */; };
		6054847D247E4D0C008F8EE5 /* Assets.xcassets in Resources */ = {isa = PBXBuildFile; fileRef = 6054847C247E4D0C008F8EE5 /* Assets.xcassets */; };
		60548480247E4D0C008F8EE5 /* LaunchScreen.storyboard in Resources */ = {isa = PBXBuildFile; fileRef = 6054847E247E4D0C008F8EE5 /* LaunchScreen.storyboard */; };
		60548483247E4D0C008F8EE5 /* main.m in Sources */ = {isa = PBXBuildFile; fileRef = 60548482247E4D0C008F8EE5 /* main.m */; };
		6054848A247E4DD4008F8EE5 /* BannerX.xib in Resources */ = {isa = PBXBuildFile; fileRef = 60548489247E4DD4008F8EE5 /* BannerX.xib */; };
		6054848D247E4DEA008F8EE5 /* BannerX.m in Sources */ = {isa = PBXBuildFile; fileRef = 6054848C247E4DEA008F8EE5 /* BannerX.m */; };
		60548490247E6915008F8EE5 /* TableViewController.m in Sources */ = {isa = PBXBuildFile; fileRef = 6054848F247E6915008F8EE5 /* TableViewController.m */; };
/* End PBXBuildFile section */

/* Begin PBXFileReference section */
		6054846D247E4D0A008F8EE5 /* BannerDemo.app */ = {isa = PBXFileReference; explicitFileType = wrapper.application; includeInIndex = 0; path = BannerDemo.app; sourceTree = BUILT_PRODUCTS_DIR; };
		60548470247E4D0A008F8EE5 /* AppDelegate.h */ = {isa = PBXFileReference; lastKnownFileType = sourcecode.c.h; path = AppDelegate.h; sourceTree = "<group>"; };
		60548471247E4D0A008F8EE5 /* AppDelegate.m */ = {isa = PBXFileReference; lastKnownFileType = sourcecode.c.objc; path = AppDelegate.m; sourceTree = "<group>"; };
		60548473247E4D0A008F8EE5 /* SceneDelegate.h */ = {isa = PBXFileReference; lastKnownFileType = sourcecode.c.h; path = SceneDelegate.h; sourceTree = "<group>"; };
		60548474247E4D0A008F8EE5 /* SceneDelegate.m */ = {isa = PBXFileReference; lastKnownFileType = sourcecode.c.objc; path = SceneDelegate.m; sourceTree = "<group>"; };
		60548476247E4D0A008F8EE5 /* ViewController.h */ = {isa = PBXFileReference; lastKnownFileType = sourcecode.c.h; path = ViewController.h; sourceTree = "<group>"; };
		60548477247E4D0A008F8EE5 /* ViewController.m */ = {isa = PBXFileReference; lastKnownFileType = sourcecode.c.objc; path = ViewController.m; sourceTree = "<group>"; };
		6054847A247E4D0A008F8EE5 /* Base */ = {isa = PBXFileReference; lastKnownFileType = file.storyboard; name = Base; path = Base.lproj/Main.storyboard; sourceTree = "<group>"; };
		6054847C247E4D0C008F8EE5 /* Assets.xcassets */ = {isa = PBXFileReference; lastKnownFileType = folder.assetcatalog; path = Assets.xcassets; sourceTree = "<group>"; };
		6054847F247E4D0C008F8EE5 /* Base */ = {isa = PBXFileReference; lastKnownFileType = file.storyboard; name = Base; path = Base.lproj/LaunchScreen.storyboard; sourceTree = "<group>"; };
		60548481247E4D0C008F8EE5 /* Info.plist */ = {isa = PBXFileReference; lastKnownFileType = text.plist.xml; path = Info.plist; sourceTree = "<group>"; };
		60548482247E4D0C008F8EE5 /* main.m */ = {isa = PBXFileReference; lastKnownFileType = sourcecode.c.objc; path = main.m; sourceTree = "<group>"; };
		60548489247E4DD4008F8EE5 /* BannerX.xib */ = {isa = PBXFileReference; lastKnownFileType = file.xib; path = BannerX.xib; sourceTree = "<group>"; };
		6054848B247E4DEA008F8EE5 /* BannerX.h */ = {isa = PBXFileReference; lastKnownFileType = sourcecode.c.h; path = BannerX.h; sourceTree = "<group>"; };
		6054848C247E4DEA008F8EE5 /* BannerX.m */ = {isa = PBXFileReference; lastKnownFileType = sourcecode.c.objc; path = BannerX.m; sourceTree = "<group>"; };
		6054848E247E6915008F8EE5 /* TableViewController.h */ = {isa = PBXFileReference; lastKnownFileType = sourcecode.c.h; path = TableViewController.h; sourceTree = "<group>"; };
		6054848F247E6915008F8EE5 /* TableViewController.m */ = {isa = PBXFileReference; lastKnownFileType = sourcecode.c.objc; path = TableViewController.m; sourceTree = "<group>"; };
/* End PBXFileReference section */

/* Begin PBXFrameworksBuildPhase section */
		6054846A247E4D0A008F8EE5 /* Frameworks */ = {
			isa = PBXFrameworksBuildPhase;
			buildActionMask = 2147483647;
			files = (
			);
			runOnlyForDeploymentPostprocessing = 0;
		};
/* End PBXFrameworksBuildPhase section */

/* Begin PBXGroup section */
		60548464247E4D0A008F8EE5 = {
			isa = PBXGroup;
			children = (
				6054846F247E4D0A008F8EE5 /* BannerDemo */,
				6054846E247E4D0A008F8EE5 /* Products */,
			);
			sourceTree = "<group>";
		};
		6054846E247E4D0A008F8EE5 /* Products */ = {
			isa = PBXGroup;
			children = (
				6054846D247E4D0A008F8EE5 /* BannerDemo.app */,
			);
			name = Products;
			sourceTree = "<group>";
		};
		6054846F247E4D0A008F8EE5 /* BannerDemo */ = {
			isa = PBXGroup;
			children = (
				60548470247E4D0A008F8EE5 /* AppDelegate.h */,
				60548471247E4D0A008F8EE5 /* AppDelegate.m */,
				60548473247E4D0A008F8EE5 /* SceneDelegate.h */,
				60548474247E4D0A008F8EE5 /* SceneDelegate.m */,
				60548476247E4D0A008F8EE5 /* ViewController.h */,
				60548477247E4D0A008F8EE5 /* ViewController.m */,
				60548479247E4D0A008F8EE5 /* Main.storyboard */,
				6054847C247E4D0C008F8EE5 /* Assets.xcassets */,
				6054847E247E4D0C008F8EE5 /* LaunchScreen.storyboard */,
				60548481247E4D0C008F8EE5 /* Info.plist */,
				60548482247E4D0C008F8EE5 /* main.m */,
				60548489247E4DD4008F8EE5 /* BannerX.xib */,
				6054848B247E4DEA008F8EE5 /* BannerX.h */,
				6054848C247E4DEA008F8EE5 /* BannerX.m */,
				6054848E247E6915008F8EE5 /* TableViewController.h */,
				6054848F247E6915008F8EE5 /* TableViewController.m */,
			);
			path = BannerDemo;
			sourceTree = "<group>";
		};
/* End PBXGroup section */

/* Begin PBXNativeTarget section */
		6054846C247E4D0A008F8EE5 /* BannerDemo */ = {
			isa = PBXNativeTarget;
			buildConfigurationList = 60548486247E4D0C008F8EE5 /* Build configuration list for PBXNativeTarget "BannerDemo" */;
			buildPhases = (
				60548469247E4D0A008F8EE5 /* Sources */,
				6054846A247E4D0A008F8EE5 /* Frameworks */,
				6054846B247E4D0A008F8EE5 /* Resources */,
			);
			buildRules = (
			);
			dependencies = (
			);
			name = BannerDemo;
			productName = BannerDemo;
			productReference = 6054846D247E4D0A008F8EE5 /* BannerDemo.app */;
			productType = "com.apple.product-type.application";
		};
/* End PBXNativeTarget section */

/* Begin PBXProject section */
		60548465247E4D0A008F8EE5 /* Project object */ = {
			isa = PBXProject;
			attributes = {
				LastUpgradeCheck = 1100;
				ORGANIZATIONNAME = Suramire;
				TargetAttributes = {
					6054846C247E4D0A008F8EE5 = {
						CreatedOnToolsVersion = 11.0;
					};
				};
			};
			buildConfigurationList = 60548468247E4D0A008F8EE5 /* Build configuration list for PBXProject "BannerDemo" */;
			compatibilityVersion = "Xcode 9.3";
			developmentRegion = en;
			hasScannedForEncodings = 0;
			knownRegions = (
				en,
				Base,
			);
			mainGroup = 60548464247E4D0A008F8EE5;
			productRefGroup = 6054846E247E4D0A008F8EE5 /* Products */;
			projectDirPath = "";
			projectRoot = "";
			targets = (
				6054846C247E4D0A008F8EE5 /* BannerDemo */,
			);
		};
/* End PBXProject section */

/* Begin PBXResourcesBuildPhase section */
		6054846B247E4D0A008F8EE5 /* Resources */ = {
			isa = PBXResourcesBuildPhase;
			buildActionMask = 2147483647;
			files = (
				60548480247E4D0C008F8EE5 /* LaunchScreen.storyboard in Resources */,
				6054847D247E4D0C008F8EE5 /* Assets.xcassets in Resources */,
				6054848A247E4DD4008F8EE5 /* BannerX.xib in Resources */,
				6054847B247E4D0A008F8EE5 /* Main.storyboard in Resources */,
			);
			runOnlyForDeploymentPostprocessing = 0;
		};
/* End PBXResourcesBuildPhase section */

/* Begin PBXSourcesBuildPhase section */
		60548469247E4D0A008F8EE5 /* Sources */ = {
			isa = PBXSourcesBuildPhase;
			buildActionMask = 2147483647;
			files = (
				60548478247E4D0A008F8EE5 /* ViewController.m in Sources */,
				60548490247E6915008F8EE5 /* TableViewController.m in Sources */,
				60548472247E4D0A008F8EE5 /* AppDelegate.m in Sources */,
				6054848D247E4DEA008F8EE5 /* BannerX.m in Sources */,
				60548483247E4D0C008F8EE5 /* main.m in Sources */,
				60548475247E4D0A008F8EE5 /* SceneDelegate.m in Sources */,
			);
			runOnlyForDeploymentPostprocessing = 0;
		};
/* End PBXSourcesBuildPhase section */

/* Begin PBXVariantGroup section */
		60548479247E4D0A008F8EE5 /* Main.storyboard */ = {
			isa = PBXVariantGroup;
			children = (
				6054847A247E4D0A008F8EE5 /* Base */,
			);
			name = Main.storyboard;
			sourceTree = "<group>";
		};
		6054847E247E4D0C008F8EE5 /* LaunchScreen.storyboard */ = {
			isa = PBXVariantGroup;
			children = (
				6054847F247E4D0C008F8EE5 /* Base */,
			);
			name = LaunchScreen.storyboard;
			sourceTree = "<group>";
		};
/* End PBXVariantGroup section */

/* Begin XCBuildConfiguration section */
		60548484247E4D0C008F8EE5 /* Debug */ = {
			isa = XCBuildConfiguration;
			buildSettings = {
				ALWAYS_SEARCH_USER_PATHS = NO;
				CLANG_ANALYZER_NONNULL = YES;
				CLANG_ANALYZER_NUMBER_OBJECT_CONVERSION = YES_AGGRESSIVE;
				CLANG_CXX_LANGUAGE_STANDARD = "gnu++14";
				CLANG_CXX_LIBRARY = "libc++";
				CLANG_ENABLE_MODULES = YES;
				CLANG_ENABLE_OBJC_ARC = YES;
				CLANG_ENABLE_OBJC_WEAK = YES;
				CLANG_WARN_BLOCK_CAPTURE_AUTORELEASING = YES;
				CLANG_WARN_BOOL_CONVERSION = YES;
				CLANG_WARN_COMMA = YES;
				CLANG_WARN_CONSTANT_CONVERSION = YES;
				CLANG_WARN_DEPRECATED_OBJC_IMPLEMENTATIONS = YES;
				CLANG_WARN_DIRECT_OBJC_ISA_USAGE = YES_ERROR;
				CLANG_WARN_DOCUMENTATION_COMMENTS = YES;
				CLANG_WARN_EMPTY_BODY = YES;
				CLANG_WARN_ENUM_CONVERSION = YES;
				CLANG_WARN_INFINITE_RECURSION = YES;
				CLANG_WARN_INT_CONVERSION = YES;
				CLANG_WARN_NON_LITERAL_NULL_CONVERSION = YES;
				CLANG_WARN_OBJC_IMPLICIT_RETAIN_SELF = YES;
				CLANG_WARN_OBJC_LITERAL_CONVERSION = YES;
				CLANG_WARN_OBJC_ROOT_CLASS = YES_ERROR;
				CLANG_WARN_RANGE_LOOP_ANALYSIS = YES;
				CLANG_WARN_STRICT_PROTOTYPES = YES;
				CLANG_WARN_SUSPICIOUS_MOVE = YES;
				CLANG_WARN_UNGUARDED_AVAILABILITY = YES_AGGRESSIVE;
				CLANG_WARN_UNREACHABLE_CODE = YES;
				CLANG_WARN__DUPLICATE_METHOD_MATCH = YES;
				COPY_PHASE_STRIP = NO;
				DEBUG_INFORMATION_FORMAT = dwarf;
				ENABLE_STRICT_OBJC_MSGSEND = YES;
				ENABLE_TESTABILITY = YES;
				GCC_C_LANGUAGE_STANDARD = gnu11;
				GCC_DYNAMIC_NO_PIC = NO;
				GCC_NO_COMMON_BLOCKS = YES;
				GCC_OPTIMIZATION_LEVEL = 0;
				GCC_PREPROCESSOR_DEFINITIONS = (
					"DEBUG=1",
					"$(inherited)",
				);
				GCC_WARN_64_TO_32_BIT_CONVERSION = YES;
				GCC_WARN_ABOUT_RETURN_TYPE = YES_ERROR;
				GCC_WARN_UNDECLARED_SELECTOR = YES;
				GCC_WARN_UNINITIALIZED_AUTOS = YES_AGGRESSIVE;
				GCC_WARN_UNUSED_FUNCTION = YES;
				GCC_WARN_UNUSED_VARIABLE = YES;
				IPHONEOS_DEPLOYMENT_TARGET = 13.0;
				MTL_ENABLE_DEBUG_INFO = INCLUDE_SOURCE;
				MTL_FAST_MATH = YES;
				ONLY_ACTIVE_ARCH = YES;
				SDKROOT = iphoneos;
			};
			name = Debug;
		};
		60548485247E4D0C008F8EE5 /* Release */ = {
			isa = XCBuildConfiguration;
			buildSettings = {
				ALWAYS_SEARCH_USER_PATHS = NO;
				CLANG_ANALYZER_NONNULL = YES;
				CLANG_ANALYZER_NUMBER_OBJECT_CONVERSION = YES_AGGRESSIVE;
				CLANG_CXX_LANGUAGE_STANDARD = "gnu++14";
				CLANG_CXX_LIBRARY = "libc++";
				CLANG_ENABLE_MODULES = YES;
				CLANG_ENABLE_OBJC_ARC = YES;
				CLANG_ENABLE_OBJC_WEAK = YES;
				CLANG_WARN_BLOCK_CAPTURE_AUTORELEASING = YES;
				CLANG_WARN_BOOL_CONVERSION = YES;
				CLANG_WARN_COMMA = YES;
				CLANG_WARN_CONSTANT_CONVERSION = YES;
				CLANG_WARN_DEPRECATED_OBJC_IMPLEMENTATIONS = YES;
				CLANG_WARN_DIRECT_OBJC_ISA_USAGE = YES_ERROR;
				CLANG_WARN_DOCUMENTATION_COMMENTS = YES;
				CLANG_WARN_EMPTY_BODY = YES;
				CLANG_WARN_ENUM_CONVERSION = YES;
				CLANG_WARN_INFINITE_RECURSION = YES;
				CLANG_WARN_INT_CONVERSION = YES;
				CLANG_WARN_NON_LITERAL_NULL_CONVERSION = YES;
				CLANG_WARN_OBJC_IMPLICIT_RETAIN_SELF = YES;
				CLANG_WARN_OBJC_LITERAL_CONVERSION = YES;
				CLANG_WARN_OBJC_ROOT_CLASS = YES_ERROR;
				CLANG_WARN_RANGE_LOOP_ANALYSIS = YES;
				CLANG_WARN_STRICT_PROTOTYPES = YES;
				CLANG_WARN_SUSPICIOUS_MOVE = YES;
				CLANG_WARN_UNGUARDED_AVAILABILITY = YES_AGGRESSIVE;
				CLANG_WARN_UNREACHABLE_CODE = YES;
				CLANG_WARN__DUPLICATE_METHOD_MATCH = YES;
				COPY_PHASE_STRIP = NO;
				DEBUG_INFORMATION_FORMAT = "dwarf-with-dsym";
				ENABLE_NS_ASSERTIONS = NO;
				ENABLE_STRICT_OBJC_MSGSEND = YES;
				GCC_C_LANGUAGE_STANDARD = gnu11;
				GCC_NO_COMMON_BLOCKS = YES;
				GCC_WARN_64_TO_32_BIT_CONVERSION = YES;
				GCC_WARN_ABOUT_RETURN_TYPE = YES_ERROR;
				GCC_WARN_UNDECLARED_SELECTOR = YES;
				GCC_WARN_UNINITIALIZED_AUTOS = YES_AGGRESSIVE;
				GCC_WARN_UNUSED_FUNCTION = YES;
				GCC_WARN_UNUSED_VARIABLE = YES;
				IPHONEOS_DEPLOYMENT_TARGET = 13.0;
				MTL_ENABLE_DEBUG_INFO = NO;
				MTL_FAST_MATH = YES;
				SDKROOT = iphoneos;
				VALIDATE_PRODUCT = YES;
			};
			name = Release;
		};
		60548487247E4D0C008F8EE5 /* Debug */ = {
			isa = XCBuildConfiguration;
			buildSettings = {
				ASSETCATALOG_COMPILER_APPICON_NAME = AppIcon;
				CODE_SIGN_STYLE = Automatic;
				INFOPLIST_FILE = BannerDemo/Info.plist;
				LD_RUNPATH_SEARCH_PATHS = (
					"$(inherited)",
					"@executable_path/Frameworks",
				);
				PRODUCT_BUNDLE_IDENTIFIER = suramire.BannerDemo;
				PRODUCT_NAME = "$(TARGET_NAME)";
				TARGETED_DEVICE_FAMILY = "1,2";
			};
			name = Debug;
		};
		60548488247E4D0C008F8EE5 /* Release */ = {
			isa = XCBuildConfiguration;
			buildSettings = {
				ASSETCATALOG_COMPILER_APPICON_NAME = AppIcon;
				CODE_SIGN_STYLE = Automatic;
				INFOPLIST_FILE = BannerDemo/Info.plist;
				LD_RUNPATH_SEARCH_PATHS = (
					"$(inherited)",
					"@executable_path/Frameworks",
				);
				PRODUCT_BUNDLE_IDENTIFIER = suramire.BannerDemo;
				PRODUCT_NAME = "$(TARGET_NAME)";
				TARGETED_DEVICE_FAMILY = "1,2";
			};
			name = Release;
		};
/* End XCBuildConfiguration section */

/* Begin XCConfigurationList section */
		60548468247E4D0A008F8EE5 /* Build configuration list for PBXProject "BannerDemo" */ = {
			isa = XCConfigurationList;
			buildConfigurations = (
				60548484247E4D0C008F8EE5 /* Debug */,
				60548485247E4D0C008F8EE5 /* Release */,
			);
			defaultConfigurationIsVisible = 0;
			defaultConfigurationName = Release;
		};
		60548486247E4D0C008F8EE5 /* Build configuration list for PBXNativeTarget "BannerDemo" */ = {
			isa = XCConfigurationList;
			buildConfigurations = (
				60548487247E4D0C008F8EE5 /* Debug */,
				60548488247E4D0C008F8EE5 /* Release */,
			);
			defaultConfigurationIsVisible = 0;
			defaultConfigurationName = Release;
		};
/* End XCConfigurationList section */
	};
	rootObject = 60548465247E4D0A008F8EE5 /* Project object */;
}
